
Microsoft Visual Studio Solution File, Format Version 12.00
# Visual Studio 14
VisualStudioVersion = 14.0.25420.1
MinimumVisualStudioVersion = 10.0.40219.1
Project("{2150E333-8FDC-42A3-9474-1A3956D46DE8}") = "Servers", "Servers", "{00BEC9A3-2D14-422C-8D72-E4182062332E}"
EndProject
Project("{FAE04EC0-301F-11D3-BF4B-00C04F79EFBC}") = "ObjectBuddy", "src\ObjectBuddy\ObjectBuddy.csproj", "{2CDCB1B1-2257-425C-AC79-FB1197DE8F30}"
EndProject
Project("{FAE04EC0-301F-11D3-BF4B-00C04F79EFBC}") = "Channel", "src\Daemons\Channel\Channel.csproj", "{2A043B73-7755-4D89-ABD8-446E72DC14BC}"
EndProject
Project("{FAE04EC0-301F-11D3-BF4B-00C04F79EFBC}") = "Login", "src\Daemons\Login\Login.csproj", "{08E24C5A-B5A9-47A2-A188-47AC327BA901}"
EndProject
Project("{FAE04EC0-301F-11D3-BF4B-00C04F79EFBC}") = "Master", "src\Daemons\Master\Master.csproj", "{895689F9-005E-46A5-941D-5BF0AA3C61E0}"
EndProject
Project("{2150E333-8FDC-42A3-9474-1A3956D46DE8}") = "Databases", "Databases", "{3FB4F2C8-6485-4B9D-B932-F000CD989B72}"
EndProject
Project("{FAE04EC0-301F-11D3-BF4B-00C04F79EFBC}") = "MySQL", "src\Databases\MySQL\MySQL.csproj", "{340D20F0-06BA-4579-94F9-45F1F4516103}"
EndProject
Global
	GlobalSection(SolutionConfigurationPlatforms) = preSolution
		Debug|Any CPU = Debug|Any CPU
		Debug|ARM = Debug|ARM
		Debug|x64 = Debug|x64
		Debug|x86 = Debug|x86
		Release|Any CPU = Release|Any CPU
		Release|ARM = Release|ARM
		Release|x64 = Release|x64
		Release|x86 = Release|x86
	EndGlobalSection
	GlobalSection(ProjectConfigurationPlatforms) = postSolution
		{2CDCB1B1-2257-425C-AC79-FB1197DE8F30}.Debug|Any CPU.ActiveCfg = Debug|x64
		{2CDCB1B1-2257-425C-AC79-FB1197DE8F30}.Debug|Any CPU.Build.0 = Debug|x64
		{2CDCB1B1-2257-425C-AC79-FB1197DE8F30}.Debug|ARM.ActiveCfg = Debug|x86
		{2CDCB1B1-2257-425C-AC79-FB1197DE8F30}.Debug|x64.ActiveCfg = Debug|x64
		{2CDCB1B1-2257-425C-AC79-FB1197DE8F30}.Debug|x64.Build.0 = Debug|x64
		{2CDCB1B1-2257-425C-AC79-FB1197DE8F30}.Debug|x86.ActiveCfg = Debug|x86
		{2CDCB1B1-2257-425C-AC79-FB1197DE8F30}.Debug|x86.Build.0 = Debug|x86
		{2CDCB1B1-2257-425C-AC79-FB1197DE8F30}.Release|Any CPU.ActiveCfg = Release|x64
		{2CDCB1B1-2257-425C-AC79-FB1197DE8F30}.Release|Any CPU.Build.0 = Release|x64
		{2CDCB1B1-2257-425C-AC79-FB1197DE8F30}.Release|ARM.ActiveCfg = Release|x86
		{2CDCB1B1-2257-425C-AC79-FB1197DE8F30}.Release|x64.ActiveCfg = Release|x64
		{2CDCB1B1-2257-425C-AC79-FB1197DE8F30}.Release|x64.Build.0 = Release|x64
		{2CDCB1B1-2257-425C-AC79-FB1197DE8F30}.Release|x86.ActiveCfg = Release|x86
		{2CDCB1B1-2257-425C-AC79-FB1197DE8F30}.Release|x86.Build.0 = Release|x86
		{2A043B73-7755-4D89-ABD8-446E72DC14BC}.Debug|Any CPU.ActiveCfg = Debug|x64
		{2A043B73-7755-4D89-ABD8-446E72DC14BC}.Debug|Any CPU.Build.0 = Debug|x64
		{2A043B73-7755-4D89-ABD8-446E72DC14BC}.Debug|ARM.ActiveCfg = Debug|x86
		{2A043B73-7755-4D89-ABD8-446E72DC14BC}.Debug|x64.ActiveCfg = Debug|x64
		{2A043B73-7755-4D89-ABD8-446E72DC14BC}.Debug|x64.Build.0 = Debug|x64
		{2A043B73-7755-4D89-ABD8-446E72DC14BC}.Debug|x86.ActiveCfg = Debug|x86
		{2A043B73-7755-4D89-ABD8-446E72DC14BC}.Debug|x86.Build.0 = Debug|x86
		{2A043B73-7755-4D89-ABD8-446E72DC14BC}.Release|Any CPU.ActiveCfg = Release|x64
		{2A043B73-7755-4D89-ABD8-446E72DC14BC}.Release|Any CPU.Build.0 = Release|x64
		{2A043B73-7755-4D89-ABD8-446E72DC14BC}.Release|Any CPU.Deploy.0 = Release|x64
		{2A043B73-7755-4D89-ABD8-446E72DC14BC}.Release|ARM.ActiveCfg = Release|x86
		{2A043B73-7755-4D89-ABD8-446E72DC14BC}.Release|x64.ActiveCfg = Release|x64
		{2A043B73-7755-4D89-ABD8-446E72DC14BC}.Release|x64.Build.0 = Release|x64
		{2A043B73-7755-4D89-ABD8-446E72DC14BC}.Release|x86.ActiveCfg = Release|x86
		{2A043B73-7755-4D89-ABD8-446E72DC14BC}.Release|x86.Build.0 = Release|x86
		{08E24C5A-B5A9-47A2-A188-47AC327BA901}.Debug|Any CPU.ActiveCfg = Debug|x64
		{08E24C5A-B5A9-47A2-A188-47AC327BA901}.Debug|Any CPU.Build.0 = Debug|x64
		{08E24C5A-B5A9-47A2-A188-47AC327BA901}.Debug|ARM.ActiveCfg = Debug|x86
		{08E24C5A-B5A9-47A2-A188-47AC327BA901}.Debug|x64.ActiveCfg = Debug|x64
		{08E24C5A-B5A9-47A2-A188-47AC327BA901}.Debug|x64.Build.0 = Debug|x64
		{08E24C5A-B5A9-47A2-A188-47AC327BA901}.Debug|x86.ActiveCfg = Debug|x86
		{08E24C5A-B5A9-47A2-A188-47AC327BA901}.Debug|x86.Build.0 = Debug|x86
		{08E24C5A-B5A9-47A2-A188-47AC327BA901}.Release|Any CPU.ActiveCfg = Release|x64
		{08E24C5A-B5A9-47A2-A188-47AC327BA901}.Release|Any CPU.Build.0 = Release|x64
		{08E24C5A-B5A9-47A2-A188-47AC327BA901}.Release|ARM.ActiveCfg = Release|x86
		{08E24C5A-B5A9-47A2-A188-47AC327BA901}.Release|x64.ActiveCfg = Release|x64
		{08E24C5A-B5A9-47A2-A188-47AC327BA901}.Release|x64.Build.0 = Release|x64
		{08E24C5A-B5A9-47A2-A188-47AC327BA901}.Release|x86.ActiveCfg = Release|x86
		{08E24C5A-B5A9-47A2-A188-47AC327BA901}.Release|x86.Build.0 = Release|x86
		{895689F9-005E-46A5-941D-5BF0AA3C61E0}.Debug|Any CPU.ActiveCfg = Debug|x64
		{895689F9-005E-46A5-941D-5BF0AA3C61E0}.Debug|Any CPU.Build.0 = Debug|x64
		{895689F9-005E-46A5-941D-5BF0AA3C61E0}.Debug|ARM.ActiveCfg = Debug|x86
		{895689F9-005E-46A5-941D-5BF0AA3C61E0}.Debug|x64.ActiveCfg = Debug|x64
		{895689F9-005E-46A5-941D-5BF0AA3C61E0}.Debug|x64.Build.0 = Debug|x64
		{895689F9-005E-46A5-941D-5BF0AA3C61E0}.Debug|x86.ActiveCfg = Debug|x86
		{895689F9-005E-46A5-941D-5BF0AA3C61E0}.Debug|x86.Build.0 = Debug|x86
		{895689F9-005E-46A5-941D-5BF0AA3C61E0}.Release|Any CPU.ActiveCfg = Release|x64
		{895689F9-005E-46A5-941D-5BF0AA3C61E0}.Release|Any CPU.Build.0 = Release|x64
		{895689F9-005E-46A5-941D-5BF0AA3C61E0}.Release|ARM.ActiveCfg = Release|x86
		{895689F9-005E-46A5-941D-5BF0AA3C61E0}.Release|x64.ActiveCfg = Release|x64
		{895689F9-005E-46A5-941D-5BF0AA3C61E0}.Release|x64.Build.0 = Release|x64
		{895689F9-005E-46A5-941D-5BF0AA3C61E0}.Release|x86.ActiveCfg = Release|x86
		{895689F9-005E-46A5-941D-5BF0AA3C61E0}.Release|x86.Build.0 = Release|x86
		{340D20F0-06BA-4579-94F9-45F1F4516103}.Debug|Any CPU.ActiveCfg = Debug|x64
		{340D20F0-06BA-4579-94F9-45F1F4516103}.Debug|Any CPU.Build.0 = Debug|x64
		{340D20F0-06BA-4579-94F9-45F1F4516103}.Debug|ARM.ActiveCfg = Debug|x86
		{340D20F0-06BA-4579-94F9-45F1F4516103}.Debug|x64.ActiveCfg = Debug|x64
		{340D20F0-06BA-4579-94F9-45F1F4516103}.Debug|x64.Build.0 = Debug|x64
		{340D20F0-06BA-4579-94F9-45F1F4516103}.Debug|x86.ActiveCfg = Debug|x86
		{340D20F0-06BA-4579-94F9-45F1F4516103}.Debug|x86.Build.0 = Debug|x86
		{340D20F0-06BA-4579-94F9-45F1F4516103}.Release|Any CPU.ActiveCfg = Release|x64
		{340D20F0-06BA-4579-94F9-45F1F4516103}.Release|Any CPU.Build.0 = Release|x64
		{340D20F0-06BA-4579-94F9-45F1F4516103}.Release|ARM.ActiveCfg = Release|x86
		{340D20F0-06BA-4579-94F9-45F1F4516103}.Release|x64.ActiveCfg = Release|x64
		{340D20F0-06BA-4579-94F9-45F1F4516103}.Release|x64.Build.0 = Release|x64
		{340D20F0-06BA-4579-94F9-45F1F4516103}.Release|x86.ActiveCfg = Release|x86
		{340D20F0-06BA-4579-94F9-45F1F4516103}.Release|x86.Build.0 = Release|x86
	EndGlobalSection
	GlobalSection(SolutionProperties) = preSolution
		HideSolutionNode = FALSE
	EndGlobalSection
	GlobalSection(NestedProjects) = preSolution
		{2A043B73-7755-4D89-ABD8-446E72DC14BC} = {00BEC9A3-2D14-422C-8D72-E4182062332E}
		{08E24C5A-B5A9-47A2-A188-47AC327BA901} = {00BEC9A3-2D14-422C-8D72-E4182062332E}
		{895689F9-005E-46A5-941D-5BF0AA3C61E0} = {00BEC9A3-2D14-422C-8D72-E4182062332E}
		{340D20F0-06BA-4579-94F9-45F1F4516103} = {3FB4F2C8-6485-4B9D-B932-F000CD989B72}
	EndGlobalSection
EndGlobal
